
Microsoft Visual Studio Solution File, Format Version 12.00
# Visual Studio Version 17
VisualStudioVersion = 17.14.36121.58 d17.14
MinimumVisualStudioVersion = 10.0.40219.1
Project("{FAE04EC0-301F-11D3-BF4B-00C04F79EFBC}") = "CoreMVCEmptyStarter", "CoreMVCEmptyStarter\CoreMVCEmptyStarter.csproj", "{583ACA8E-BBFA-4D6B-A654-66AD39677CBB}"
EndProject
Global
	GlobalSection(SolutionConfigurationPlatforms) = preSolution
		Debug|Any CPU = Debug|Any CPU
		Release|Any CPU = Release|Any CPU
	EndGlobalSection
	GlobalSection(ProjectConfigurationPlatforms) = postSolution
		{583ACA8E-BBFA-4D6B-A654-66AD39677CBB}.Debug|Any CPU.ActiveCfg = Debug|Any CPU
		{583ACA8E-BBFA-4D6B-A654-66AD39677CBB}.Debug|Any CPU.Build.0 = Debug|Any CPU
		{583ACA8E-BBFA-4D6B-A654-66AD39677CBB}.Release|Any CPU.ActiveCfg = Release|Any CPU
		{583ACA8E-BBFA-4D6B-A654-66AD39677CBB}.Release|Any CPU.Build.0 = Release|Any CPU
	EndGlobalSection
	GlobalSection(SolutionProperties) = preSolution
		HideSolutionNode = FALSE
	EndGlobalSection
	GlobalSection(ExtensibilityGlobals) = postSolution
		SolutionGuid = {BCC81289-DE66-4EA8-9CDE-32192F674A38}
	EndGlobalSection
EndGlobal
